
Microsoft Visual Studio Solution File, Format Version 12.00
# Visual Studio Version 16
VisualStudioVersion = 16.0.29613.14
MinimumVisualStudioVersion = 10.0.40219.1
Project("{2150E333-8FDC-42A3-9474-1A3956D46DE8}") = "Solution Items", "Solution Items", "{708E29DC-33C7-4D9C-987B-6D38ED6E6BEA}"
EndProject
Project("{8BC9CEB8-8B4A-11D0-8D11-00A0C91BC942}") = "1_CppGrundlagen", "1_CppGrundlagen\1_CppGrundlagen.vcxproj", "{5C4776E1-8667-4B22-8B2E-347E6277D994}"
EndProject
Project("{8BC9CEB8-8B4A-11D0-8D11-00A0C91BC942}") = "1_Programmieraufgabe", "1_Programmieraufgabe\1_Programmieraufgabe.vcxproj", "{4058B207-41F0-438F-BC15-529B76AD518F}"
EndProject
Project("{8BC9CEB8-8B4A-11D0-8D11-00A0C91BC942}") = "2_ArrayGrundlagen", "2_ArrayGrundlagen\2_ArrayGrundlagen.vcxproj", "{9B7C929C-38B1-4180-844B-2EC155A9234A}"
EndProject
Project("{8BC9CEB8-8B4A-11D0-8D11-00A0C91BC942}") = "3_WeitereGrundlagen", "3_WeitereGrundlagen\3_WeitereGrundlagen.vcxproj", "{200CAEE1-E103-4D10-90C9-AB5EE8E806FB}"
EndProject
Project("{8BC9CEB8-8B4A-11D0-8D11-00A0C91BC942}") = "3_Programmieraufgabe", "3_Programmieraufgabe\3_Programmieraufgabe.vcxproj", "{EB1314FC-1E2D-4A77-A4BB-A8FA38FF34F9}"
EndProject
Project("{8BC9CEB8-8B4A-11D0-8D11-00A0C91BC942}") = "4_Programmieraufgabe", "4_Programmieraufgabe\4_Programmieraufgabe.vcxproj", "{29351B2C-0694-43F6-8313-806115240C59}"
EndProject
Project("{8BC9CEB8-8B4A-11D0-8D11-00A0C91BC942}") = "5_Programmieraufgabe", "5_Programmieraufgabe\5_Programmieraufgabe.vcxproj", "{354B2140-C85C-4FDC-A2EF-5D487353EA27}"
EndProject
Project("{8BC9CEB8-8B4A-11D0-8D11-00A0C91BC942}") = "4_STLVectoren", "4_STLVectoren\4_STLVectoren.vcxproj", "{32CC3B3D-1F5D-4101-9E3F-DA43C9744949}"
EndProject
Project("{8BC9CEB8-8B4A-11D0-8D11-00A0C91BC942}") = "5_STLStrings", "5_STLStrings\5_STLStrings.vcxproj", "{E849569B-E0DC-4155-AE36-0E12D868BFBA}"
EndProject
Project("{8BC9CEB8-8B4A-11D0-8D11-00A0C91BC942}") = "6_STLContainerUndIteratoren", "6_STLContainerUndIteratoren\6_STLContainerUndIteratoren.vcxproj", "{CCAF12DF-1E8E-43E6-990D-B213C6F9D614}"
EndProject
Project("{8BC9CEB8-8B4A-11D0-8D11-00A0C91BC942}") = "6_Programmieraufgabe", "6_Programmieraufgabe\6_Programmieraufgabe.vcxproj", "{4880CE39-5848-40EE-AADF-5F927F1085AD}"
EndProject
Project("{8BC9CEB8-8B4A-11D0-8D11-00A0C91BC942}") = "7_STLAlgorithmen", "7_STLAlgorithmen\7_STLAlgorithmen.vcxproj", "{E3A931C2-3C25-434D-BBEC-4ADA50A93157}"
EndProject
Project("{8BC9CEB8-8B4A-11D0-8D11-00A0C91BC942}") = "7_Programmieraufgabe", "7_Programmieraufgabe\7_Programmieraufgabe.vcxproj", "{CC6938EB-8513-4530-933F-6B5EFC9048A2}"
EndProject
Project("{8BC9CEB8-8B4A-11D0-8D11-00A0C91BC942}") = "8_Objektorientierung", "8_Objektorientierung\8_Objektorientierung.vcxproj", "{4C12D2D7-AB33-4C97-808D-80ECE5B75A17}"
EndProject
Project("{8BC9CEB8-8B4A-11D0-8D11-00A0C91BC942}") = "8_Programmieraufgabe", "8_Programmieraufgabe\8_Programmieraufgabe.vcxproj", "{BBF8752C-8C21-4A91-AE2C-4B2E71D8144C}"
EndProject
Project("{8BC9CEB8-8B4A-11D0-8D11-00A0C91BC942}") = "9_TemplatesUndOperatoren", "9_TemplatesUndOperatoren\9_TemplatesUndOperatoren.vcxproj", "{0C26F015-1869-4934-8D86-7798B932971F}"
EndProject
Project("{8BC9CEB8-8B4A-11D0-8D11-00A0C91BC942}") = "9_Programmieraufgabe", "9_Programmieraufgabe\9_Programmieraufgabe.vcxproj", "{0F6D3BF7-42B1-4FC1-92F6-75FDF239E2D9}"
EndProject
Project("{8BC9CEB8-8B4A-11D0-8D11-00A0C91BC942}") = "10_LambdaFunktionen", "10_LambdaFunktionen\10_LambdaFunktionen.vcxproj", "{A7CD8246-9F2F-432A-B0B7-7F07ABEC160E}"
EndProject
Project("{8BC9CEB8-8B4A-11D0-8D11-00A0C91BC942}") = "10_Programmieraufgabe", "10_Programmieraufgabe\10_Programmieraufgabe.vcxproj", "{51B98DCE-254E-420D-A175-61696101C11F}"
EndProject
Project("{8BC9CEB8-8B4A-11D0-8D11-00A0C91BC942}") = "11_MoveAndCopy", "11_MoveAndCopy\11_MoveAndCopy.vcxproj", "{04481492-1B73-419B-889C-3F719DAE5059}"
EndProject
Project("{8BC9CEB8-8B4A-11D0-8D11-00A0C91BC942}") = "11_Programmieraufgabe", "11_Programmieraufgabe\11_Programmieraufgabe.vcxproj", "{85AF5B0A-BFF1-4AB2-992E-27C46A9CAF8C}"
EndProject
Project("{8BC9CEB8-8B4A-11D0-8D11-00A0C91BC942}") = "12_SmartPointer", "12_SmartPointer\12_SmartPointer.vcxproj", "{58E117B2-C01D-4041-984D-449DEDD609EA}"
EndProject
Project("{8BC9CEB8-8B4A-11D0-8D11-00A0C91BC942}") = "12_Programmieraufgabe", "12_Programmieraufgabe\12_Programmieraufgabe.vcxproj", "{DB9E8308-7312-4493-A9A1-556DBF417416}"
EndProject
Project("{8BC9CEB8-8B4A-11D0-8D11-00A0C91BC942}") = "13_ThreadsExceptions", "13_ThreadsExceptions\13_ThreadsExceptions.vcxproj", "{8D31D07B-C299-4FB9-BE27-B8FCF2FE5D6A}"
EndProject
Project("{8BC9CEB8-8B4A-11D0-8D11-00A0C91BC942}") = "Computerspiel1", "Computerspiel1\Computerspiel1.vcxproj", "{CB35B7F9-B076-4FC9-9664-8BFD178C5470}"
EndProject
Project("{8BC9CEB8-8B4A-11D0-8D11-00A0C91BC942}") = "Computerspiel2", "Computerspiel2\Computerspiel2.vcxproj", "{4C0F22E4-1914-48D3-BE09-581AA72F6BED}"
EndProject
Project("{8BC9CEB8-8B4A-11D0-8D11-00A0C91BC942}") = "Computerspiel3", "Computerspiel3\Computerspiel3.vcxproj", "{4FA7CACF-F538-4E62-AD18-1B819238ED2D}"
EndProject
Project("{8BC9CEB8-8B4A-11D0-8D11-00A0C91BC942}") = "Computerspiel4", "Computerspiel4\Computerspiel4.vcxproj", "{614D5539-2032-4726-9216-61CE8B01D9EF}"
EndProject
Project("{8BC9CEB8-8B4A-11D0-8D11-00A0C91BC942}") = "Computerspiel5", "Computerspiel5\Computerspiel5.vcxproj", "{C669D512-2D94-49A9-88F9-0000E41D825F}"
EndProject
Project("{8BC9CEB8-8B4A-11D0-8D11-00A0C91BC942}") = "Programmierprojekt1", "Programmierprojekt1\Programmierprojekt1.vcxproj", "{6F2EEFFC-BA14-4588-A19A-B46F2EFAA5BC}"
EndProject
Project("{8BC9CEB8-8B4A-11D0-8D11-00A0C91BC942}") = "Programmierprojekt2", "Programmierprojekt2\Programmierprojekt2.vcxproj", "{8F5E0B85-F648-444B-859A-B3405B042019}"
EndProject
Project("{8BC9CEB8-8B4A-11D0-8D11-00A0C91BC942}") = "Programmierprojekt3", "Programmierprojekt3\Programmierprojekt3.vcxproj", "{19A31C07-2982-4995-9865-5B27D96EC0D5}"
EndProject
Project("{8BC9CEB8-8B4A-11D0-8D11-00A0C91BC942}") = "Programmierprojekt4", "Programmierprojekt4\Programmierprojekt4.vcxproj", "{55EFB5D6-31FB-4DAA-9616-E6254C38B006}"
EndProject
Project("{8BC9CEB8-8B4A-11D0-8D11-00A0C91BC942}") = "ZusatzaufgabeRNG", "ZusatzaufgabeRNG\ZusatzaufgabeRNG.vcxproj", "{9767D163-282C-4A3F-AC00-6C6EED176369}"
EndProject
Project("{8BC9CEB8-8B4A-11D0-8D11-00A0C91BC942}") = "ZusatzaufgabeStrings", "ZusatzaufgabeStrings\ZusatzaufgabeStrings.vcxproj", "{077F99EC-F4C0-420A-99EE-36BDEFA67B7D}"
EndProject
Project("{8BC9CEB8-8B4A-11D0-8D11-00A0C91BC942}") = "2_Programmieraufgabe", "2_Programmieraufgabe\2_Programmieraufgabe.vcxproj", "{836899B6-11D2-4C76-ADB1-28BCB4C8DFAF}"
EndProject
Project("{8BC9CEB8-8B4A-11D0-8D11-00A0C91BC942}") = "14_Cpp17Features", "14_Cpp17Features\14_Cpp17Features.vcxproj", "{5F4FE2BB-440B-4FD4-82BB-D33F9230E2BF}"
EndProject
Global
	GlobalSection(SolutionConfigurationPlatforms) = preSolution
		Debug|x64 = Debug|x64
		Debug|x86 = Debug|x86
		Release|x64 = Release|x64
		Release|x86 = Release|x86
	EndGlobalSection
	GlobalSection(ProjectConfigurationPlatforms) = postSolution
		{5C4776E1-8667-4B22-8B2E-347E6277D994}.Debug|x64.ActiveCfg = Debug|x64
		{5C4776E1-8667-4B22-8B2E-347E6277D994}.Debug|x64.Build.0 = Debug|x64
		{5C4776E1-8667-4B22-8B2E-347E6277D994}.Debug|x86.ActiveCfg = Debug|Win32
		{5C4776E1-8667-4B22-8B2E-347E6277D994}.Debug|x86.Build.0 = Debug|Win32
		{5C4776E1-8667-4B22-8B2E-347E6277D994}.Release|x64.ActiveCfg = Release|x64
		{5C4776E1-8667-4B22-8B2E-347E6277D994}.Release|x64.Build.0 = Release|x64
		{5C4776E1-8667-4B22-8B2E-347E6277D994}.Release|x86.ActiveCfg = Release|Win32
		{5C4776E1-8667-4B22-8B2E-347E6277D994}.Release|x86.Build.0 = Release|Win32
		{4058B207-41F0-438F-BC15-529B76AD518F}.Debug|x64.ActiveCfg = Debug|x64
		{4058B207-41F0-438F-BC15-529B76AD518F}.Debug|x64.Build.0 = Debug|x64
		{4058B207-41F0-438F-BC15-529B76AD518F}.Debug|x86.ActiveCfg = Debug|Win32
		{4058B207-41F0-438F-BC15-529B76AD518F}.Debug|x86.Build.0 = Debug|Win32
		{4058B207-41F0-438F-BC15-529B76AD518F}.Release|x64.ActiveCfg = Release|x64
		{4058B207-41F0-438F-BC15-529B76AD518F}.Release|x64.Build.0 = Release|x64
		{4058B207-41F0-438F-BC15-529B76AD518F}.Release|x86.ActiveCfg = Release|Win32
		{4058B207-41F0-438F-BC15-529B76AD518F}.Release|x86.Build.0 = Release|Win32
		{9B7C929C-38B1-4180-844B-2EC155A9234A}.Debug|x64.ActiveCfg = Debug|x64
		{9B7C929C-38B1-4180-844B-2EC155A9234A}.Debug|x64.Build.0 = Debug|x64
		{9B7C929C-38B1-4180-844B-2EC155A9234A}.Debug|x86.ActiveCfg = Debug|Win32
		{9B7C929C-38B1-4180-844B-2EC155A9234A}.Debug|x86.Build.0 = Debug|Win32
		{9B7C929C-38B1-4180-844B-2EC155A9234A}.Release|x64.ActiveCfg = Release|x64
		{9B7C929C-38B1-4180-844B-2EC155A9234A}.Release|x64.Build.0 = Release|x64
		{9B7C929C-38B1-4180-844B-2EC155A9234A}.Release|x86.ActiveCfg = Release|Win32
		{9B7C929C-38B1-4180-844B-2EC155A9234A}.Release|x86.Build.0 = Release|Win32
		{200CAEE1-E103-4D10-90C9-AB5EE8E806FB}.Debug|x64.ActiveCfg = Debug|x64
		{200CAEE1-E103-4D10-90C9-AB5EE8E806FB}.Debug|x64.Build.0 = Debug|x64
		{200CAEE1-E103-4D10-90C9-AB5EE8E806FB}.Debug|x86.ActiveCfg = Debug|Win32
		{200CAEE1-E103-4D10-90C9-AB5EE8E806FB}.Debug|x86.Build.0 = Debug|Win32
		{200CAEE1-E103-4D10-90C9-AB5EE8E806FB}.Release|x64.ActiveCfg = Release|x64
		{200CAEE1-E103-4D10-90C9-AB5EE8E806FB}.Release|x64.Build.0 = Release|x64
		{200CAEE1-E103-4D10-90C9-AB5EE8E806FB}.Release|x86.ActiveCfg = Release|Win32
		{200CAEE1-E103-4D10-90C9-AB5EE8E806FB}.Release|x86.Build.0 = Release|Win32
		{EB1314FC-1E2D-4A77-A4BB-A8FA38FF34F9}.Debug|x64.ActiveCfg = Debug|x64
		{EB1314FC-1E2D-4A77-A4BB-A8FA38FF34F9}.Debug|x64.Build.0 = Debug|x64
		{EB1314FC-1E2D-4A77-A4BB-A8FA38FF34F9}.Debug|x86.ActiveCfg = Debug|Win32
		{EB1314FC-1E2D-4A77-A4BB-A8FA38FF34F9}.Debug|x86.Build.0 = Debug|Win32
		{EB1314FC-1E2D-4A77-A4BB-A8FA38FF34F9}.Release|x64.ActiveCfg = Release|x64
		{EB1314FC-1E2D-4A77-A4BB-A8FA38FF34F9}.Release|x64.Build.0 = Release|x64
		{EB1314FC-1E2D-4A77-A4BB-A8FA38FF34F9}.Release|x86.ActiveCfg = Release|Win32
		{EB1314FC-1E2D-4A77-A4BB-A8FA38FF34F9}.Release|x86.Build.0 = Release|Win32
		{29351B2C-0694-43F6-8313-806115240C59}.Debug|x64.ActiveCfg = Debug|x64
		{29351B2C-0694-43F6-8313-806115240C59}.Debug|x64.Build.0 = Debug|x64
		{29351B2C-0694-43F6-8313-806115240C59}.Debug|x86.ActiveCfg = Debug|Win32
		{29351B2C-0694-43F6-8313-806115240C59}.Debug|x86.Build.0 = Debug|Win32
		{29351B2C-0694-43F6-8313-806115240C59}.Release|x64.ActiveCfg = Release|x64
		{29351B2C-0694-43F6-8313-806115240C59}.Release|x64.Build.0 = Release|x64
		{29351B2C-0694-43F6-8313-806115240C59}.Release|x86.ActiveCfg = Release|Win32
		{29351B2C-0694-43F6-8313-806115240C59}.Release|x86.Build.0 = Release|Win32
		{354B2140-C85C-4FDC-A2EF-5D487353EA27}.Debug|x64.ActiveCfg = Debug|x64
		{354B2140-C85C-4FDC-A2EF-5D487353EA27}.Debug|x64.Build.0 = Debug|x64
		{354B2140-C85C-4FDC-A2EF-5D487353EA27}.Debug|x86.ActiveCfg = Debug|Win32
		{354B2140-C85C-4FDC-A2EF-5D487353EA27}.Debug|x86.Build.0 = Debug|Win32
		{354B2140-C85C-4FDC-A2EF-5D487353EA27}.Release|x64.ActiveCfg = Release|x64
		{354B2140-C85C-4FDC-A2EF-5D487353EA27}.Release|x64.Build.0 = Release|x64
		{354B2140-C85C-4FDC-A2EF-5D487353EA27}.Release|x86.ActiveCfg = Release|Win32
		{354B2140-C85C-4FDC-A2EF-5D487353EA27}.Release|x86.Build.0 = Release|Win32
		{32CC3B3D-1F5D-4101-9E3F-DA43C9744949}.Debug|x64.ActiveCfg = Debug|x64
		{32CC3B3D-1F5D-4101-9E3F-DA43C9744949}.Debug|x64.Build.0 = Debug|x64
		{32CC3B3D-1F5D-4101-9E3F-DA43C9744949}.Debug|x86.ActiveCfg = Debug|Win32
		{32CC3B3D-1F5D-4101-9E3F-DA43C9744949}.Debug|x86.Build.0 = Debug|Win32
		{32CC3B3D-1F5D-4101-9E3F-DA43C9744949}.Release|x64.ActiveCfg = Release|x64
		{32CC3B3D-1F5D-4101-9E3F-DA43C9744949}.Release|x64.Build.0 = Release|x64
		{32CC3B3D-1F5D-4101-9E3F-DA43C9744949}.Release|x86.ActiveCfg = Release|Win32
		{32CC3B3D-1F5D-4101-9E3F-DA43C9744949}.Release|x86.Build.0 = Release|Win32
		{E849569B-E0DC-4155-AE36-0E12D868BFBA}.Debug|x64.ActiveCfg = Debug|x64
		{E849569B-E0DC-4155-AE36-0E12D868BFBA}.Debug|x64.Build.0 = Debug|x64
		{E849569B-E0DC-4155-AE36-0E12D868BFBA}.Debug|x86.ActiveCfg = Debug|Win32
		{E849569B-E0DC-4155-AE36-0E12D868BFBA}.Debug|x86.Build.0 = Debug|Win32
		{E849569B-E0DC-4155-AE36-0E12D868BFBA}.Release|x64.ActiveCfg = Release|x64
		{E849569B-E0DC-4155-AE36-0E12D868BFBA}.Release|x64.Build.0 = Release|x64
		{E849569B-E0DC-4155-AE36-0E12D868BFBA}.Release|x86.ActiveCfg = Release|Win32
		{E849569B-E0DC-4155-AE36-0E12D868BFBA}.Release|x86.Build.0 = Release|Win32
		{CCAF12DF-1E8E-43E6-990D-B213C6F9D614}.Debug|x64.ActiveCfg = Debug|x64
		{CCAF12DF-1E8E-43E6-990D-B213C6F9D614}.Debug|x64.Build.0 = Debug|x64
		{CCAF12DF-1E8E-43E6-990D-B213C6F9D614}.Debug|x86.ActiveCfg = Debug|Win32
		{CCAF12DF-1E8E-43E6-990D-B213C6F9D614}.Debug|x86.Build.0 = Debug|Win32
		{CCAF12DF-1E8E-43E6-990D-B213C6F9D614}.Release|x64.ActiveCfg = Release|x64
		{CCAF12DF-1E8E-43E6-990D-B213C6F9D614}.Release|x64.Build.0 = Release|x64
		{CCAF12DF-1E8E-43E6-990D-B213C6F9D614}.Release|x86.ActiveCfg = Release|Win32
		{CCAF12DF-1E8E-43E6-990D-B213C6F9D614}.Release|x86.Build.0 = Release|Win32
		{4880CE39-5848-40EE-AADF-5F927F1085AD}.Debug|x64.ActiveCfg = Debug|x64
		{4880CE39-5848-40EE-AADF-5F927F1085AD}.Debug|x64.Build.0 = Debug|x64
		{4880CE39-5848-40EE-AADF-5F927F1085AD}.Debug|x86.ActiveCfg = Debug|Win32
		{4880CE39-5848-40EE-AADF-5F927F1085AD}.Debug|x86.Build.0 = Debug|Win32
		{4880CE39-5848-40EE-AADF-5F927F1085AD}.Release|x64.ActiveCfg = Release|x64
		{4880CE39-5848-40EE-AADF-5F927F1085AD}.Release|x64.Build.0 = Release|x64
		{4880CE39-5848-40EE-AADF-5F927F1085AD}.Release|x86.ActiveCfg = Release|Win32
		{4880CE39-5848-40EE-AADF-5F927F1085AD}.Release|x86.Build.0 = Release|Win32
		{E3A931C2-3C25-434D-BBEC-4ADA50A93157}.Debug|x64.ActiveCfg = Debug|x64
		{E3A931C2-3C25-434D-BBEC-4ADA50A93157}.Debug|x64.Build.0 = Debug|x64
		{E3A931C2-3C25-434D-BBEC-4ADA50A93157}.Debug|x86.ActiveCfg = Debug|Win32
		{E3A931C2-3C25-434D-BBEC-4ADA50A93157}.Debug|x86.Build.0 = Debug|Win32
		{E3A931C2-3C25-434D-BBEC-4ADA50A93157}.Release|x64.ActiveCfg = Release|x64
		{E3A931C2-3C25-434D-BBEC-4ADA50A93157}.Release|x64.Build.0 = Release|x64
		{E3A931C2-3C25-434D-BBEC-4ADA50A93157}.Release|x86.ActiveCfg = Release|Win32
		{E3A931C2-3C25-434D-BBEC-4ADA50A93157}.Release|x86.Build.0 = Release|Win32
		{CC6938EB-8513-4530-933F-6B5EFC9048A2}.Debug|x64.ActiveCfg = Debug|x64
		{CC6938EB-8513-4530-933F-6B5EFC9048A2}.Debug|x64.Build.0 = Debug|x64
		{CC6938EB-8513-4530-933F-6B5EFC9048A2}.Debug|x86.ActiveCfg = Debug|Win32
		{CC6938EB-8513-4530-933F-6B5EFC9048A2}.Debug|x86.Build.0 = Debug|Win32
		{CC6938EB-8513-4530-933F-6B5EFC9048A2}.Release|x64.ActiveCfg = Release|x64
		{CC6938EB-8513-4530-933F-6B5EFC9048A2}.Release|x64.Build.0 = Release|x64
		{CC6938EB-8513-4530-933F-6B5EFC9048A2}.Release|x86.ActiveCfg = Release|Win32
		{CC6938EB-8513-4530-933F-6B5EFC9048A2}.Release|x86.Build.0 = Release|Win32
		{4C12D2D7-AB33-4C97-808D-80ECE5B75A17}.Debug|x64.ActiveCfg = Debug|x64
		{4C12D2D7-AB33-4C97-808D-80ECE5B75A17}.Debug|x64.Build.0 = Debug|x64
		{4C12D2D7-AB33-4C97-808D-80ECE5B75A17}.Debug|x86.ActiveCfg = Debug|Win32
		{4C12D2D7-AB33-4C97-808D-80ECE5B75A17}.Debug|x86.Build.0 = Debug|Win32
		{4C12D2D7-AB33-4C97-808D-80ECE5B75A17}.Release|x64.ActiveCfg = Release|x64
		{4C12D2D7-AB33-4C97-808D-80ECE5B75A17}.Release|x64.Build.0 = Release|x64
		{4C12D2D7-AB33-4C97-808D-80ECE5B75A17}.Release|x86.ActiveCfg = Release|Win32
		{4C12D2D7-AB33-4C97-808D-80ECE5B75A17}.Release|x86.Build.0 = Release|Win32
		{BBF8752C-8C21-4A91-AE2C-4B2E71D8144C}.Debug|x64.ActiveCfg = Debug|x64
		{BBF8752C-8C21-4A91-AE2C-4B2E71D8144C}.Debug|x64.Build.0 = Debug|x64
		{BBF8752C-8C21-4A91-AE2C-4B2E71D8144C}.Debug|x86.ActiveCfg = Debug|Win32
		{BBF8752C-8C21-4A91-AE2C-4B2E71D8144C}.Debug|x86.Build.0 = Debug|Win32
		{BBF8752C-8C21-4A91-AE2C-4B2E71D8144C}.Release|x64.ActiveCfg = Release|x64
		{BBF8752C-8C21-4A91-AE2C-4B2E71D8144C}.Release|x64.Build.0 = Release|x64
		{BBF8752C-8C21-4A91-AE2C-4B2E71D8144C}.Release|x86.ActiveCfg = Release|Win32
		{BBF8752C-8C21-4A91-AE2C-4B2E71D8144C}.Release|x86.Build.0 = Release|Win32
		{0C26F015-1869-4934-8D86-7798B932971F}.Debug|x64.ActiveCfg = Debug|x64
		{0C26F015-1869-4934-8D86-7798B932971F}.Debug|x64.Build.0 = Debug|x64
		{0C26F015-1869-4934-8D86-7798B932971F}.Debug|x86.ActiveCfg = Debug|Win32
		{0C26F015-1869-4934-8D86-7798B932971F}.Debug|x86.Build.0 = Debug|Win32
		{0C26F015-1869-4934-8D86-7798B932971F}.Release|x64.ActiveCfg = Release|x64
		{0C26F015-1869-4934-8D86-7798B932971F}.Release|x64.Build.0 = Release|x64
		{0C26F015-1869-4934-8D86-7798B932971F}.Release|x86.ActiveCfg = Release|Win32
		{0C26F015-1869-4934-8D86-7798B932971F}.Release|x86.Build.0 = Release|Win32
		{0F6D3BF7-42B1-4FC1-92F6-75FDF239E2D9}.Debug|x64.ActiveCfg = Debug|x64
		{0F6D3BF7-42B1-4FC1-92F6-75FDF239E2D9}.Debug|x64.Build.0 = Debug|x64
		{0F6D3BF7-42B1-4FC1-92F6-75FDF239E2D9}.Debug|x86.ActiveCfg = Debug|Win32
		{0F6D3BF7-42B1-4FC1-92F6-75FDF239E2D9}.Debug|x86.Build.0 = Debug|Win32
		{0F6D3BF7-42B1-4FC1-92F6-75FDF239E2D9}.Release|x64.ActiveCfg = Release|x64
		{0F6D3BF7-42B1-4FC1-92F6-75FDF239E2D9}.Release|x64.Build.0 = Release|x64
		{0F6D3BF7-42B1-4FC1-92F6-75FDF239E2D9}.Release|x86.ActiveCfg = Release|Win32
		{0F6D3BF7-42B1-4FC1-92F6-75FDF239E2D9}.Release|x86.Build.0 = Release|Win32
		{A7CD8246-9F2F-432A-B0B7-7F07ABEC160E}.Debug|x64.ActiveCfg = Debug|x64
		{A7CD8246-9F2F-432A-B0B7-7F07ABEC160E}.Debug|x64.Build.0 = Debug|x64
		{A7CD8246-9F2F-432A-B0B7-7F07ABEC160E}.Debug|x86.ActiveCfg = Debug|Win32
		{A7CD8246-9F2F-432A-B0B7-7F07ABEC160E}.Debug|x86.Build.0 = Debug|Win32
		{A7CD8246-9F2F-432A-B0B7-7F07ABEC160E}.Release|x64.ActiveCfg = Release|x64
		{A7CD8246-9F2F-432A-B0B7-7F07ABEC160E}.Release|x64.Build.0 = Release|x64
		{A7CD8246-9F2F-432A-B0B7-7F07ABEC160E}.Release|x86.ActiveCfg = Release|Win32
		{A7CD8246-9F2F-432A-B0B7-7F07ABEC160E}.Release|x86.Build.0 = Release|Win32
		{51B98DCE-254E-420D-A175-61696101C11F}.Debug|x64.ActiveCfg = Debug|x64
		{51B98DCE-254E-420D-A175-61696101C11F}.Debug|x64.Build.0 = Debug|x64
		{51B98DCE-254E-420D-A175-61696101C11F}.Debug|x86.ActiveCfg = Debug|Win32
		{51B98DCE-254E-420D-A175-61696101C11F}.Debug|x86.Build.0 = Debug|Win32
		{51B98DCE-254E-420D-A175-61696101C11F}.Release|x64.ActiveCfg = Release|x64
		{51B98DCE-254E-420D-A175-61696101C11F}.Release|x64.Build.0 = Release|x64
		{51B98DCE-254E-420D-A175-61696101C11F}.Release|x86.ActiveCfg = Release|Win32
		{51B98DCE-254E-420D-A175-61696101C11F}.Release|x86.Build.0 = Release|Win32
		{04481492-1B73-419B-889C-3F719DAE5059}.Debug|x64.ActiveCfg = Debug|x64
		{04481492-1B73-419B-889C-3F719DAE5059}.Debug|x64.Build.0 = Debug|x64
		{04481492-1B73-419B-889C-3F719DAE5059}.Debug|x86.ActiveCfg = Debug|Win32
		{04481492-1B73-419B-889C-3F719DAE5059}.Debug|x86.Build.0 = Debug|Win32
		{04481492-1B73-419B-889C-3F719DAE5059}.Release|x64.ActiveCfg = Release|x64
		{04481492-1B73-419B-889C-3F719DAE5059}.Release|x64.Build.0 = Release|x64
		{04481492-1B73-419B-889C-3F719DAE5059}.Release|x86.ActiveCfg = Release|Win32
		{04481492-1B73-419B-889C-3F719DAE5059}.Release|x86.Build.0 = Release|Win32
		{85AF5B0A-BFF1-4AB2-992E-27C46A9CAF8C}.Debug|x64.ActiveCfg = Debug|x64
		{85AF5B0A-BFF1-4AB2-992E-27C46A9CAF8C}.Debug|x64.Build.0 = Debug|x64
		{85AF5B0A-BFF1-4AB2-992E-27C46A9CAF8C}.Debug|x86.ActiveCfg = Debug|Win32
		{85AF5B0A-BFF1-4AB2-992E-27C46A9CAF8C}.Debug|x86.Build.0 = Debug|Win32
		{85AF5B0A-BFF1-4AB2-992E-27C46A9CAF8C}.Release|x64.ActiveCfg = Release|x64
		{85AF5B0A-BFF1-4AB2-992E-27C46A9CAF8C}.Release|x64.Build.0 = Release|x64
		{85AF5B0A-BFF1-4AB2-992E-27C46A9CAF8C}.Release|x86.ActiveCfg = Release|Win32
		{85AF5B0A-BFF1-4AB2-992E-27C46A9CAF8C}.Release|x86.Build.0 = Release|Win32
		{58E117B2-C01D-4041-984D-449DEDD609EA}.Debug|x64.ActiveCfg = Debug|x64
		{58E117B2-C01D-4041-984D-449DEDD609EA}.Debug|x64.Build.0 = Debug|x64
		{58E117B2-C01D-4041-984D-449DEDD609EA}.Debug|x86.ActiveCfg = Debug|Win32
		{58E117B2-C01D-4041-984D-449DEDD609EA}.Debug|x86.Build.0 = Debug|Win32
		{58E117B2-C01D-4041-984D-449DEDD609EA}.Release|x64.ActiveCfg = Release|x64
		{58E117B2-C01D-4041-984D-449DEDD609EA}.Release|x64.Build.0 = Release|x64
		{58E117B2-C01D-4041-984D-449DEDD609EA}.Release|x86.ActiveCfg = Release|Win32
		{58E117B2-C01D-4041-984D-449DEDD609EA}.Release|x86.Build.0 = Release|Win32
		{DB9E8308-7312-4493-A9A1-556DBF417416}.Debug|x64.ActiveCfg = Debug|x64
		{DB9E8308-7312-4493-A9A1-556DBF417416}.Debug|x64.Build.0 = Debug|x64
		{DB9E8308-7312-4493-A9A1-556DBF417416}.Debug|x86.ActiveCfg = Debug|Win32
		{DB9E8308-7312-4493-A9A1-556DBF417416}.Debug|x86.Build.0 = Debug|Win32
		{DB9E8308-7312-4493-A9A1-556DBF417416}.Release|x64.ActiveCfg = Release|x64
		{DB9E8308-7312-4493-A9A1-556DBF417416}.Release|x64.Build.0 = Release|x64
		{DB9E8308-7312-4493-A9A1-556DBF417416}.Release|x86.ActiveCfg = Release|Win32
		{DB9E8308-7312-4493-A9A1-556DBF417416}.Release|x86.Build.0 = Release|Win32
		{8D31D07B-C299-4FB9-BE27-B8FCF2FE5D6A}.Debug|x64.ActiveCfg = Debug|x64
		{8D31D07B-C299-4FB9-BE27-B8FCF2FE5D6A}.Debug|x64.Build.0 = Debug|x64
		{8D31D07B-C299-4FB9-BE27-B8FCF2FE5D6A}.Debug|x86.ActiveCfg = Debug|Win32
		{8D31D07B-C299-4FB9-BE27-B8FCF2FE5D6A}.Debug|x86.Build.0 = Debug|Win32
		{8D31D07B-C299-4FB9-BE27-B8FCF2FE5D6A}.Release|x64.ActiveCfg = Release|x64
		{8D31D07B-C299-4FB9-BE27-B8FCF2FE5D6A}.Release|x64.Build.0 = Release|x64
		{8D31D07B-C299-4FB9-BE27-B8FCF2FE5D6A}.Release|x86.ActiveCfg = Release|Win32
		{8D31D07B-C299-4FB9-BE27-B8FCF2FE5D6A}.Release|x86.Build.0 = Release|Win32
		{CB35B7F9-B076-4FC9-9664-8BFD178C5470}.Debug|x64.ActiveCfg = Debug|x64
		{CB35B7F9-B076-4FC9-9664-8BFD178C5470}.Debug|x64.Build.0 = Debug|x64
		{CB35B7F9-B076-4FC9-9664-8BFD178C5470}.Debug|x86.ActiveCfg = Debug|Win32
		{CB35B7F9-B076-4FC9-9664-8BFD178C5470}.Debug|x86.Build.0 = Debug|Win32
		{CB35B7F9-B076-4FC9-9664-8BFD178C5470}.Release|x64.ActiveCfg = Release|x64
		{CB35B7F9-B076-4FC9-9664-8BFD178C5470}.Release|x64.Build.0 = Release|x64
		{CB35B7F9-B076-4FC9-9664-8BFD178C5470}.Release|x86.ActiveCfg = Release|Win32
		{CB35B7F9-B076-4FC9-9664-8BFD178C5470}.Release|x86.Build.0 = Release|Win32
		{4C0F22E4-1914-48D3-BE09-581AA72F6BED}.Debug|x64.ActiveCfg = Debug|x64
		{4C0F22E4-1914-48D3-BE09-581AA72F6BED}.Debug|x64.Build.0 = Debug|x64
		{4C0F22E4-1914-48D3-BE09-581AA72F6BED}.Debug|x86.ActiveCfg = Debug|Win32
		{4C0F22E4-1914-48D3-BE09-581AA72F6BED}.Debug|x86.Build.0 = Debug|Win32
		{4C0F22E4-1914-48D3-BE09-581AA72F6BED}.Release|x64.ActiveCfg = Release|x64
		{4C0F22E4-1914-48D3-BE09-581AA72F6BED}.Release|x64.Build.0 = Release|x64
		{4C0F22E4-1914-48D3-BE09-581AA72F6BED}.Release|x86.ActiveCfg = Release|Win32
		{4C0F22E4-1914-48D3-BE09-581AA72F6BED}.Release|x86.Build.0 = Release|Win32
		{4FA7CACF-F538-4E62-AD18-1B819238ED2D}.Debug|x64.ActiveCfg = Debug|x64
		{4FA7CACF-F538-4E62-AD18-1B819238ED2D}.Debug|x64.Build.0 = Debug|x64
		{4FA7CACF-F538-4E62-AD18-1B819238ED2D}.Debug|x86.ActiveCfg = Debug|Win32
		{4FA7CACF-F538-4E62-AD18-1B819238ED2D}.Debug|x86.Build.0 = Debug|Win32
		{4FA7CACF-F538-4E62-AD18-1B819238ED2D}.Release|x64.ActiveCfg = Release|x64
		{4FA7CACF-F538-4E62-AD18-1B819238ED2D}.Release|x64.Build.0 = Release|x64
		{4FA7CACF-F538-4E62-AD18-1B819238ED2D}.Release|x86.ActiveCfg = Release|Win32
		{4FA7CACF-F538-4E62-AD18-1B819238ED2D}.Release|x86.Build.0 = Release|Win32
		{614D5539-2032-4726-9216-61CE8B01D9EF}.Debug|x64.ActiveCfg = Debug|x64
		{614D5539-2032-4726-9216-61CE8B01D9EF}.Debug|x64.Build.0 = Debug|x64
		{614D5539-2032-4726-9216-61CE8B01D9EF}.Debug|x86.ActiveCfg = Debug|Win32
		{614D5539-2032-4726-9216-61CE8B01D9EF}.Debug|x86.Build.0 = Debug|Win32
		{614D5539-2032-4726-9216-61CE8B01D9EF}.Release|x64.ActiveCfg = Release|x64
		{614D5539-2032-4726-9216-61CE8B01D9EF}.Release|x64.Build.0 = Release|x64
		{614D5539-2032-4726-9216-61CE8B01D9EF}.Release|x86.ActiveCfg = Release|Win32
		{614D5539-2032-4726-9216-61CE8B01D9EF}.Release|x86.Build.0 = Release|Win32
		{C669D512-2D94-49A9-88F9-0000E41D825F}.Debug|x64.ActiveCfg = Debug|x64
		{C669D512-2D94-49A9-88F9-0000E41D825F}.Debug|x64.Build.0 = Debug|x64
		{C669D512-2D94-49A9-88F9-0000E41D825F}.Debug|x86.ActiveCfg = Debug|Win32
		{C669D512-2D94-49A9-88F9-0000E41D825F}.Debug|x86.Build.0 = Debug|Win32
		{C669D512-2D94-49A9-88F9-0000E41D825F}.Release|x64.ActiveCfg = Release|x64
		{C669D512-2D94-49A9-88F9-0000E41D825F}.Release|x64.Build.0 = Release|x64
		{C669D512-2D94-49A9-88F9-0000E41D825F}.Release|x86.ActiveCfg = Release|Win32
		{C669D512-2D94-49A9-88F9-0000E41D825F}.Release|x86.Build.0 = Release|Win32
		{6F2EEFFC-BA14-4588-A19A-B46F2EFAA5BC}.Debug|x64.ActiveCfg = Debug|x64
		{6F2EEFFC-BA14-4588-A19A-B46F2EFAA5BC}.Debug|x64.Build.0 = Debug|x64
		{6F2EEFFC-BA14-4588-A19A-B46F2EFAA5BC}.Debug|x86.ActiveCfg = Debug|Win32
		{6F2EEFFC-BA14-4588-A19A-B46F2EFAA5BC}.Debug|x86.Build.0 = Debug|Win32
		{6F2EEFFC-BA14-4588-A19A-B46F2EFAA5BC}.Release|x64.ActiveCfg = Release|x64
		{6F2EEFFC-BA14-4588-A19A-B46F2EFAA5BC}.Release|x64.Build.0 = Release|x64
		{6F2EEFFC-BA14-4588-A19A-B46F2EFAA5BC}.Release|x86.ActiveCfg = Release|Win32
		{6F2EEFFC-BA14-4588-A19A-B46F2EFAA5BC}.Release|x86.Build.0 = Release|Win32
		{8F5E0B85-F648-444B-859A-B3405B042019}.Debug|x64.ActiveCfg = Debug|x64
		{8F5E0B85-F648-444B-859A-B3405B042019}.Debug|x64.Build.0 = Debug|x64
		{8F5E0B85-F648-444B-859A-B3405B042019}.Debug|x86.ActiveCfg = Debug|Win32
		{8F5E0B85-F648-444B-859A-B3405B042019}.Debug|x86.Build.0 = Debug|Win32
		{8F5E0B85-F648-444B-859A-B3405B042019}.Release|x64.ActiveCfg = Release|x64
		{8F5E0B85-F648-444B-859A-B3405B042019}.Release|x64.Build.0 = Release|x64
		{8F5E0B85-F648-444B-859A-B3405B042019}.Release|x86.ActiveCfg = Release|Win32
		{8F5E0B85-F648-444B-859A-B3405B042019}.Release|x86.Build.0 = Release|Win32
		{19A31C07-2982-4995-9865-5B27D96EC0D5}.Debug|x64.ActiveCfg = Debug|x64
		{19A31C07-2982-4995-9865-5B27D96EC0D5}.Debug|x64.Build.0 = Debug|x64
		{19A31C07-2982-4995-9865-5B27D96EC0D5}.Debug|x86.ActiveCfg = Debug|Win32
		{19A31C07-2982-4995-9865-5B27D96EC0D5}.Debug|x86.Build.0 = Debug|Win32
		{19A31C07-2982-4995-9865-5B27D96EC0D5}.Release|x64.ActiveCfg = Release|x64
		{19A31C07-2982-4995-9865-5B27D96EC0D5}.Release|x64.Build.0 = Release|x64
		{19A31C07-2982-4995-9865-5B27D96EC0D5}.Release|x86.ActiveCfg = Release|Win32
		{19A31C07-2982-4995-9865-5B27D96EC0D5}.Release|x86.Build.0 = Release|Win32
		{55EFB5D6-31FB-4DAA-9616-E6254C38B006}.Debug|x64.ActiveCfg = Debug|x64
		{55EFB5D6-31FB-4DAA-9616-E6254C38B006}.Debug|x64.Build.0 = Debug|x64
		{55EFB5D6-31FB-4DAA-9616-E6254C38B006}.Debug|x86.ActiveCfg = Debug|Win32
		{55EFB5D6-31FB-4DAA-9616-E6254C38B006}.Debug|x86.Build.0 = Debug|Win32
		{55EFB5D6-31FB-4DAA-9616-E6254C38B006}.Release|x64.ActiveCfg = Release|x64
		{55EFB5D6-31FB-4DAA-9616-E6254C38B006}.Release|x64.Build.0 = Release|x64
		{55EFB5D6-31FB-4DAA-9616-E6254C38B006}.Release|x86.ActiveCfg = Release|Win32
		{55EFB5D6-31FB-4DAA-9616-E6254C38B006}.Release|x86.Build.0 = Release|Win32
		{9767D163-282C-4A3F-AC00-6C6EED176369}.Debug|x64.ActiveCfg = Debug|x64
		{9767D163-282C-4A3F-AC00-6C6EED176369}.Debug|x64.Build.0 = Debug|x64
		{9767D163-282C-4A3F-AC00-6C6EED176369}.Debug|x86.ActiveCfg = Debug|Win32
		{9767D163-282C-4A3F-AC00-6C6EED176369}.Debug|x86.Build.0 = Debug|Win32
		{9767D163-282C-4A3F-AC00-6C6EED176369}.Release|x64.ActiveCfg = Release|x64
		{9767D163-282C-4A3F-AC00-6C6EED176369}.Release|x64.Build.0 = Release|x64
		{9767D163-282C-4A3F-AC00-6C6EED176369}.Release|x86.ActiveCfg = Release|Win32
		{9767D163-282C-4A3F-AC00-6C6EED176369}.Release|x86.Build.0 = Release|Win32
		{077F99EC-F4C0-420A-99EE-36BDEFA67B7D}.Debug|x64.ActiveCfg = Debug|x64
		{077F99EC-F4C0-420A-99EE-36BDEFA67B7D}.Debug|x64.Build.0 = Debug|x64
		{077F99EC-F4C0-420A-99EE-36BDEFA67B7D}.Debug|x86.ActiveCfg = Debug|Win32
		{077F99EC-F4C0-420A-99EE-36BDEFA67B7D}.Debug|x86.Build.0 = Debug|Win32
		{077F99EC-F4C0-420A-99EE-36BDEFA67B7D}.Release|x64.ActiveCfg = Release|x64
		{077F99EC-F4C0-420A-99EE-36BDEFA67B7D}.Release|x64.Build.0 = Release|x64
		{077F99EC-F4C0-420A-99EE-36BDEFA67B7D}.Release|x86.ActiveCfg = Release|Win32
		{077F99EC-F4C0-420A-99EE-36BDEFA67B7D}.Release|x86.Build.0 = Release|Win32
		{836899B6-11D2-4C76-ADB1-28BCB4C8DFAF}.Debug|x64.ActiveCfg = Debug|x64
		{836899B6-11D2-4C76-ADB1-28BCB4C8DFAF}.Debug|x64.Build.0 = Debug|x64
		{836899B6-11D2-4C76-ADB1-28BCB4C8DFAF}.Debug|x86.ActiveCfg = Debug|Win32
		{836899B6-11D2-4C76-ADB1-28BCB4C8DFAF}.Debug|x86.Build.0 = Debug|Win32
		{836899B6-11D2-4C76-ADB1-28BCB4C8DFAF}.Release|x64.ActiveCfg = Release|x64
		{836899B6-11D2-4C76-ADB1-28BCB4C8DFAF}.Release|x64.Build.0 = Release|x64
		{836899B6-11D2-4C76-ADB1-28BCB4C8DFAF}.Release|x86.ActiveCfg = Release|Win32
		{836899B6-11D2-4C76-ADB1-28BCB4C8DFAF}.Release|x86.Build.0 = Release|Win32
		{5F4FE2BB-440B-4FD4-82BB-D33F9230E2BF}.Debug|x64.ActiveCfg = Debug|x64
		{5F4FE2BB-440B-4FD4-82BB-D33F9230E2BF}.Debug|x64.Build.0 = Debug|x64
		{5F4FE2BB-440B-4FD4-82BB-D33F9230E2BF}.Debug|x86.ActiveCfg = Debug|Win32
		{5F4FE2BB-440B-4FD4-82BB-D33F9230E2BF}.Debug|x86.Build.0 = Debug|Win32
		{5F4FE2BB-440B-4FD4-82BB-D33F9230E2BF}.Release|x64.ActiveCfg = Release|x64
		{5F4FE2BB-440B-4FD4-82BB-D33F9230E2BF}.Release|x64.Build.0 = Release|x64
		{5F4FE2BB-440B-4FD4-82BB-D33F9230E2BF}.Release|x86.ActiveCfg = Release|Win32
		{5F4FE2BB-440B-4FD4-82BB-D33F9230E2BF}.Release|x86.Build.0 = Release|Win32
	EndGlobalSection
	GlobalSection(SolutionProperties) = preSolution
		HideSolutionNode = FALSE
	EndGlobalSection
	GlobalSection(ExtensibilityGlobals) = postSolution
		SolutionGuid = {1D22436F-AD76-4DD4-B269-BF40965B23D0}
	EndGlobalSection
EndGlobal
