<?xml version="1.0" encoding="utf-8"?>
<Project ToolsVersion="4.0" xmlns="http://schemas.microsoft.com/developer/msbuild/2003">
  <ItemGroup>
    <Filter Include="Quelldateien">
      <UniqueIdentifier>{4FC737F1-C7A5-4376-A066-2A32D752A2FF}</UniqueIdentifier>
      <Extensions>cpp;c;cc;cxx;def;odl;idl;hpj;bat;asm;asmx</Extensions>
    </Filter>
    <Filter Include="Headerdateien">
      <UniqueIdentifier>{93995380-89BD-4b04-88EB-625FBE52EBFB}</UniqueIdentifier>
      <Extensions>h;hh;hpp;hxx;hm;inl;inc;ipp;xsd</Extensions>
    </Filter>
    <Filter Include="Ressourcendateien">
      <UniqueIdentifier>{67DA6AB6-F800-4c08-8B7A-83BB121AAD01}</UniqueIdentifier>
      <Extensions>rc;ico;cur;bmp;dlg;rc2;rct;bin;rgs;gif;jpg;jpeg;jpe;resx;tiff;tif;png;wav;mfcribbon-ms</Extensions>
    </Filter>
  </ItemGroup>
  <ItemGroup>
    <ClCompile Include="Main.cc">
      <Filter>Quelldateien</Filter>
    </ClCompile>
    <ClCompile Include="Abfragen.cc">
      <Filter>Quelldateien</Filter>
    </ClCompile>
    <ClCompile Include="Switch.cc">
      <Filter>Quelldateien</Filter>
    </ClCompile>
    <ClCompile Include="IncDec.cc">
      <Filter>Quelldateien</Filter>
    </ClCompile>
    <ClCompile Include="ForSchleife.cc">
      <Filter>Quelldateien</Filter>
    </ClCompile>
    <ClCompile Include="ForGame.cc">
      <Filter>Quelldateien</Filter>
    </ClCompile>
    <ClCompile Include="ForSchleifen2.cc">
      <Filter>Quelldateien</Filter>
    </ClCompile>
    <ClCompile Include="WhileSchleife.cc">
      <Filter>Quelldateien</Filter>
    </ClCompile>
    <ClCompile Include="DoWhile.cc">
      <Filter>Quelldateien</Filter>
    </ClCompile>
    <ClCompile Include="Funktionen.cc">
      <Filter>Quelldateien</Filter>
    </ClCompile>
    <ClCompile Include="FunktionGame.cc">
      <Filter>Quelldateien</Filter>
    </ClCompile>
    <ClCompile Include="Spiel.cc">
      <Filter>Quelldateien</Filter>
    </ClCompile>
    <ClCompile Include="MainForGame.cc">
      <Filter>Quelldateien</Filter>
    </ClCompile>
    <ClCompile Include="Schleifen2.cc">
      <Filter>Quelldateien</Filter>
    </ClCompile>
    <ClCompile Include="Abfragen2.cc">
      <Filter>Quelldateien</Filter>
    </ClCompile>
    <ClCompile Include="Factorial.cc">
      <Filter>Quelldateien</Filter>
    </ClCompile>
    <ClCompile Include="GCD.cc">
      <Filter>Quelldateien</Filter>
    </ClCompile>
    <ClCompile Include="DatatypeSizes.cc">
      <Filter>Quelldateien</Filter>
    </ClCompile>
    <ClCompile Include="ForSchleifeBeispiel.cc">
      <Filter>Quelldateien</Filter>
    </ClCompile>
    <ClCompile Include="Example1.cc">
      <Filter>Quelldateien</Filter>
    </ClCompile>
    <ClCompile Include="Example2.cc">
      <Filter>Quelldateien</Filter>
    </ClCompile>
    <ClCompile Include="Schaltjahr.cc">
      <Filter>Quelldateien</Filter>
    </ClCompile>
    <ClCompile Include="Fibonacci.cc">
      <Filter>Quelldateien</Filter>
    </ClCompile>
    <ClCompile Include="PowerOfTwo.cc">
      <Filter>Quelldateien</Filter>
    </ClCompile>
    <ClCompile Include="Primzahl.cc">
      <Filter>Quelldateien</Filter>
    </ClCompile>
    <ClCompile Include="UsingNamespaceExample.cc">
      <Filter>Quelldateien</Filter>
    </ClCompile>
  </ItemGroup>
  <ItemGroup>
    <ClInclude Include="Spiel.h">
      <Filter>Headerdateien</Filter>
    </ClInclude>
  </ItemGroup>
</Project>